{
  "name": "attentionhq-acp-bridge",
  "version": "0.1.0",
  "lockfileVersion": 3,
  "requires": true,
  "packages": {
    "": {
      "name": "attentionhq-acp-bridge",
      "version": "0.1.0",
      "dependencies": {
        "@cognition-ai/sdk": "0.0.1-beta.1"
      },
      "engines": {
        "node": ">=22"
      }
    },
    "node_modules/@cognition-ai/cli-darwin-arm64": {
      "version": "3000.6.11",
      "resolved": "https://registry.npmjs.org/@cognition-ai/cli-darwin-arm64/-/cli-darwin-arm64-3000.6.11.tgz",
      "integrity": "sha512-9MpZFPfBeuNPNUCsf9/F3NhM49/ccNdSvDncY5DzM9KeRff448HFAe0sr+PnK+Yn84D4cLwL7tqrgD8EAPALgg==",
      "cpu": [
        "arm64"
      ],
      "license": "MIT",
      "optional": true,
      "os": [
        "darwin"
      ]
    },
    "node_modules/@cognition-ai/cli-darwin-x64": {
      "version": "3000.6.11",
      "resolved": "https://registry.npmjs.org/@cognition-ai/cli-darwin-x64/-/cli-darwin-x64-3000.6.11.tgz",
      "integrity": "sha512-gA5Y47+BNIr3xeGGbowMsKYsVT2IN0+gZdOV5gGKASRnjmU10lBycUlR9fJ0UAwSGywDFFQ2uRL7dDG8VlO31Q==",
      "cpu": [
        "x64"
      ],
      "license": "MIT",
      "optional": true,
      "os": [
        "darwin"
      ]
    },
    "node_modules/@cognition-ai/cli-linux-arm64": {
      "version": "3000.6.11",
      "resolved": "https://registry.npmjs.org/@cognition-ai/cli-linux-arm64/-/cli-linux-arm64-3000.6.11.tgz",
      "integrity": "sha512-1pVJCweuhowJ1mYYUhM5bswZuvQYyiqy7TivutKe5xe49GmCzQqFP1b8Ca+qw+pK5v6OO9NPEcHqGqVvhb0xtQ==",
      "cpu": [
        "arm64"
      ],
      "license": "MIT",
      "optional": true,
      "os": [
        "linux"
      ]
    },
    "node_modules/@cognition-ai/cli-linux-x64": {
      "version": "3000.6.11",
      "resolved": "https://registry.npmjs.org/@cognition-ai/cli-linux-x64/-/cli-linux-x64-3000.6.11.tgz",
      "integrity": "sha512-q4oSmCGmnlOcUhJU9RyPRk7hAvR96A+uW0aggBQbRExGP4vcYeyM+V3Z6aEFWfG5PB/889V3+sRfPx3egQkYFw==",
      "cpu": [
        "x64"
      ],
      "license": "MIT",
      "optional": true,
      "os": [
        "linux"
      ]
    },
    "node_modules/@cognition-ai/cli-win32-arm64": {
      "version": "3000.6.11",
      "resolved": "https://registry.npmjs.org/@cognition-ai/cli-win32-arm64/-/cli-win32-arm64-3000.6.11.tgz",
      "integrity": "sha512-uMVulN3ar/J+hylnaRSmIliyBsH2+7f79efCgDaCmPmRZGFGxHCduh5cRukcAI1HHtOq8tFR2DOIqGRCZ7W+UA==",
      "cpu": [
        "arm64"
      ],
      "license": "MIT",
      "optional": true,
      "os": [
        "win32"
      ]
    },
    "node_modules/@cognition-ai/cli-win32-x64": {
      "version": "3000.6.11",
      "resolved": "https://registry.npmjs.org/@cognition-ai/cli-win32-x64/-/cli-win32-x64-3000.6.11.tgz",
      "integrity": "sha512-yonqlGuijzojDuESbKdYjOYZWutgwggnMP2Kw4pZTr6Ozxbrj5CcmZZA0bzZrHT1xYNLOEvrgisXbru9FhL4Yg==",
      "cpu": [
        "x64"
      ],
      "license": "MIT",
      "optional": true,
      "os": [
        "win32"
      ]
    },
    "node_modules/@cognition-ai/sdk": {
      "version": "0.0.1-beta.1",
      "resolved": "https://registry.npmjs.org/@cognition-ai/sdk/-/sdk-0.0.1-beta.1.tgz",
      "integrity": "sha512-pRsHlaD7I3/dRZn/On2iySHtrvJe5nwFbYVYYW2copqv1ZEqhvHJK5UZw0Px7FRGm6qu13PDiFKr4anF0krR5w==",
      "license": "MIT",
      "dependencies": {
        "ws": "^8.21.0"
      },
      "engines": {
        "node": ">=22"
      },
      "optionalDependencies": {
        "@cognition-ai/cli-darwin-arm64": "^3000.6.11",
        "@cognition-ai/cli-darwin-x64": "^3000.6.11",
        "@cognition-ai/cli-linux-arm64": "^3000.6.11",
        "@cognition-ai/cli-linux-x64": "^3000.6.11",
        "@cognition-ai/cli-win32-arm64": "^3000.6.11",
        "@cognition-ai/cli-win32-x64": "^3000.6.11"
      },
      "peerDependencies": {
        "zod": "^3.24.0 || ^4.0.0",
        "zod-to-json-schema": "^3.24.0"
      },
      "peerDependenciesMeta": {
        "zod": {
          "optional": true
        },
        "zod-to-json-schema": {
          "optional": true
        }
      }
    },
    "node_modules/ws": {
      "version": "8.21.3",
      "resolved": "https://registry.npmjs.org/ws/-/ws-8.21.3.tgz",
      "integrity": "sha512-201TZ/kPWxoPr/OKWjquZR1SWKXcvxdH+e1xrx89b3YbmzLMFCLfnaG1HFIgWzJOEWZ7MvpK++odZufgYR50Rw==",
      "license": "MIT",
      "engines": {
        "node": ">=10.0.0"
      },
      "peerDependencies": {
        "bufferutil": "^4.0.1",
        "utf-8-validate": ">=5.0.2"
      },
      "peerDependenciesMeta": {
        "bufferutil": {
          "optional": true
        },
        "utf-8-validate": {
          "optional": true
        }
      }
    }
  }
}
